// !$*UTF8*$!
{
	archiveVersion = 1;
	classes = {
	};
	objectVersion = 110;
	objects = {

/* Begin PBXBuildFile section */
		A10000000000000000000001 /* HarkWidgets.appex in Embed App Extensions */ = {isa = PBXBuildFile; fileRef = A10000000000000000000011 /* HarkWidgets.appex */; settings = {ATTRIBUTES = (RemoveHeadersOnCopy, ); }; };
		A10000000000000000000002 /* HarkNotificationService.appex in Embed App Extensions */ = {isa = PBXBuildFile; fileRef = A10000000000000000000012 /* HarkNotificationService.appex */; settings = {ATTRIBUTES = (RemoveHeadersOnCopy, ); }; };
/* End PBXBuildFile section */

/* Begin PBXContainerItemProxy section */
		A10000000000000000000021 /* PBXContainerItemProxy */ = {
			isa = PBXContainerItemProxy;
			containerPortal = E4E4CAFE3023790B008E1CB6 /* Project object */;
			proxyType = 1;
			remoteGlobalIDString = A10000000000000000000051;
			remoteInfo = HarkWidgets;
		};
		A10000000000000000000022 /* PBXContainerItemProxy */ = {
			isa = PBXContainerItemProxy;
			containerPortal = E4E4CAFE3023790B008E1CB6 /* Project object */;
			proxyType = 1;
			remoteGlobalIDString = A10000000000000000000052;
			remoteInfo = HarkNotificationService;
		};
		A20000000000000000000001 /* PBXContainerItemProxy */ = {
			isa = PBXContainerItemProxy;
			containerPortal = E4E4CAFE3023790B008E1CB6 /* Project object */;
			proxyType = 1;
			remoteGlobalIDString = E4E4CB053023790B008E1CB6;
			remoteInfo = Hark;
		};
/* End PBXContainerItemProxy section */

/* Begin PBXCopyFilesBuildPhase section */
		A10000000000000000000031 /* Embed App Extensions */ = {
			isa = PBXCopyFilesBuildPhase;
			dstPath = "";
			dstSubfolder = PlugIns;
			files = (
				A10000000000000000000001 /* HarkWidgets.appex in Embed App Extensions */,
				A10000000000000000000002 /* HarkNotificationService.appex in Embed App Extensions */,
			);
			name = "Embed App Extensions";
		};
/* End PBXCopyFilesBuildPhase section */

/* Begin PBXFileReference section */
		A10000000000000000000011 /* HarkWidgets.appex */ = {isa = PBXFileReference; explicitFileType = "wrapper.app-extension"; includeInIndex = 0; path = HarkWidgets.appex; sourceTree = BUILT_PRODUCTS_DIR; };
		A10000000000000000000012 /* HarkNotificationService.appex */ = {isa = PBXFileReference; explicitFileType = "wrapper.app-extension"; includeInIndex = 0; path = HarkNotificationService.appex; sourceTree = BUILT_PRODUCTS_DIR; };
		A20000000000000000000002 /* HarkTests.xctest */ = {isa = PBXFileReference; explicitFileType = wrapper.cfbundle; includeInIndex = 0; path = HarkTests.xctest; sourceTree = BUILT_PRODUCTS_DIR; };
		E4E4CB063023790B008E1CB6 /* Hark.app */ = {isa = PBXFileReference; explicitFileType = wrapper.application; includeInIndex = 0; path = Hark.app; sourceTree = BUILT_PRODUCTS_DIR; };
/* End PBXFileReference section */

/* Begin PBXFileSystemSynchronizedBuildFileExceptionSet section */
		A10000000000000000000041 /* Exceptions for "HarkWidgets" folder in "HarkWidgets" target */ = {
			isa = PBXFileSystemSynchronizedBuildFileExceptionSet;
			membershipExceptions = (
				Info.plist,
			);
			target = A10000000000000000000051 /* HarkWidgets */;
		};
		A10000000000000000000042 /* Exceptions for "HarkNotificationService" folder in "HarkNotificationService" target */ = {
			isa = PBXFileSystemSynchronizedBuildFileExceptionSet;
			membershipExceptions = (
				Info.plist,
			);
			target = A10000000000000000000052 /* HarkNotificationService */;
		};
		A10000000000000000000043 /* Exceptions for "Hark" folder in "Hark" target */ = {
			isa = PBXFileSystemSynchronizedBuildFileExceptionSet;
			membershipExceptions = (
				Info.plist,
			);
			target = E4E4CB053023790B008E1CB6 /* Hark */;
		};
/* End PBXFileSystemSynchronizedBuildFileExceptionSet section */

/* Begin PBXFileSystemSynchronizedRootGroup section */
		A10000000000000000000061 /* Shared */ = {
			isa = PBXFileSystemSynchronizedRootGroup;
			path = Shared;
			sourceTree = "<group>";
		};
		A10000000000000000000062 /* HarkWidgets */ = {
			isa = PBXFileSystemSynchronizedRootGroup;
			exceptions = (
				A10000000000000000000041 /* Exceptions for "HarkWidgets" folder in "HarkWidgets" target */,
			);
			path = HarkWidgets;
			sourceTree = "<group>";
		};
		A10000000000000000000063 /* HarkNotificationService */ = {
			isa = PBXFileSystemSynchronizedRootGroup;
			exceptions = (
				A10000000000000000000042 /* Exceptions for "HarkNotificationService" folder in "HarkNotificationService" target */,
			);
			path = HarkNotificationService;
			sourceTree = "<group>";
		};
		A20000000000000000000003 /* HarkTests */ = {
			isa = PBXFileSystemSynchronizedRootGroup;
			path = HarkTests;
			sourceTree = "<group>";
		};
		E4E4CB083023790B008E1CB6 /* Hark */ = {
			isa = PBXFileSystemSynchronizedRootGroup;
			exceptions = (
				A10000000000000000000043 /* Exceptions for "Hark" folder in "Hark" target */,
			);
			path = Hark;
			sourceTree = "<group>";
		};
/* End PBXFileSystemSynchronizedRootGroup section */

/* Begin PBXFrameworksBuildPhase section */
		A10000000000000000000071 /* Frameworks */ = {
			isa = PBXFrameworksBuildPhase;
			files = (
			);
		};
		A10000000000000000000072 /* Frameworks */ = {
			isa = PBXFrameworksBuildPhase;
			files = (
			);
		};
		A20000000000000000000004 /* Frameworks */ = {
			isa = PBXFrameworksBuildPhase;
			files = (
			);
		};
		E4E4CB033023790B008E1CB6 /* Frameworks */ = {
			isa = PBXFrameworksBuildPhase;
			files = (
			);
		};
/* End PBXFrameworksBuildPhase section */

/* Begin PBXGroup section */
		E4E4CAFD3023790B008E1CB6 = {
			isa = PBXGroup;
			children = (
				E4E4CB083023790B008E1CB6 /* Hark */,
				A10000000000000000000061 /* Shared */,
				A10000000000000000000062 /* HarkWidgets */,
				A10000000000000000000063 /* HarkNotificationService */,
				A20000000000000000000003 /* HarkTests */,
				E4E4CB073023790B008E1CB6 /* Products */,
			);
			sourceTree = "<group>";
		};
		E4E4CB073023790B008E1CB6 /* Products */ = {
			isa = PBXGroup;
			children = (
				E4E4CB063023790B008E1CB6 /* Hark.app */,
				A10000000000000000000011 /* HarkWidgets.appex */,
				A10000000000000000000012 /* HarkNotificationService.appex */,
				A20000000000000000000002 /* HarkTests.xctest */,
			);
			name = Products;
			sourceTree = "<group>";
		};
/* End PBXGroup section */

/* Begin PBXNativeTarget section */
		A10000000000000000000051 /* HarkWidgets */ = {
			isa = PBXNativeTarget;
			buildConfigurationList = A10000000000000000000091 /* Build configuration list for PBXNativeTarget "HarkWidgets" */;
			buildPhases = (
				A10000000000000000000073 /* Sources */,
				A10000000000000000000071 /* Frameworks */,
				A10000000000000000000075 /* Resources */,
			);
			buildRules = (
			);
			fileSystemSynchronizedGroups = (
				A10000000000000000000061 /* Shared */,
				A10000000000000000000062 /* HarkWidgets */,
			);
			name = HarkWidgets;
			productName = HarkWidgets;
			productReference = A10000000000000000000011 /* HarkWidgets.appex */;
			productType = "com.apple.product-type.app-extension";
		};
		A10000000000000000000052 /* HarkNotificationService */ = {
			isa = PBXNativeTarget;
			buildConfigurationList = A10000000000000000000092 /* Build configuration list for PBXNativeTarget "HarkNotificationService" */;
			buildPhases = (
				A10000000000000000000074 /* Sources */,
				A10000000000000000000072 /* Frameworks */,
				A10000000000000000000076 /* Resources */,
			);
			buildRules = (
			);
			fileSystemSynchronizedGroups = (
				A10000000000000000000063 /* HarkNotificationService */,
			);
			name = HarkNotificationService;
			productName = HarkNotificationService;
			productReference = A10000000000000000000012 /* HarkNotificationService.appex */;
			productType = "com.apple.product-type.app-extension";
		};
		A20000000000000000000005 /* HarkTests */ = {
			isa = PBXNativeTarget;
			buildConfigurationList = A20000000000000000000009 /* Build configuration list for PBXNativeTarget "HarkTests" */;
			buildPhases = (
				A20000000000000000000006 /* Sources */,
				A20000000000000000000004 /* Frameworks */,
				A20000000000000000000007 /* Resources */,
			);
			buildRules = (
			);
			dependencies = (
				A20000000000000000000008 /* PBXTargetDependency */,
			);
			fileSystemSynchronizedGroups = (
				A20000000000000000000003 /* HarkTests */,
			);
			name = HarkTests;
			productName = HarkTests;
			productReference = A20000000000000000000002 /* HarkTests.xctest */;
			productType = "com.apple.product-type.bundle.unit-test";
		};
		E4E4CB053023790B008E1CB6 /* Hark */ = {
			isa = PBXNativeTarget;
			buildConfigurationList = E4E4CB113023790C008E1CB6 /* Build configuration list for PBXNativeTarget "Hark" */;
			buildPhases = (
				E4E4CB023023790B008E1CB6 /* Sources */,
				E4E4CB033023790B008E1CB6 /* Frameworks */,
				E4E4CB043023790B008E1CB6 /* Resources */,
				A10000000000000000000031 /* Embed App Extensions */,
			);
			buildRules = (
			);
			dependencies = (
				A10000000000000000000081 /* PBXTargetDependency */,
				A10000000000000000000082 /* PBXTargetDependency */,
			);
			fileSystemSynchronizedGroups = (
				A10000000000000000000061 /* Shared */,
				E4E4CB083023790B008E1CB6 /* Hark */,
			);
			name = Hark;
			productName = Hark;
			productReference = E4E4CB063023790B008E1CB6 /* Hark.app */;
			productType = "com.apple.product-type.application";
		};
/* End PBXNativeTarget section */

/* Begin PBXProject section */
		E4E4CAFE3023790B008E1CB6 /* Project object */ = {
			isa = PBXProject;
			attributes = {
				BuildIndependentTargetsInParallel = 1;
				LastSwiftUpdateCheck = 2700;
				LastUpgradeCheck = 2700;
				TargetAttributes = {
					A10000000000000000000051 = {
						CreatedOnToolsVersion = 27.0;
					};
					A10000000000000000000052 = {
						CreatedOnToolsVersion = 27.0;
					};
					A20000000000000000000005 = {
						CreatedOnToolsVersion = 27.0;
						TestTargetID = E4E4CB053023790B008E1CB6;
					};
					E4E4CB053023790B008E1CB6 = {
						CreatedOnToolsVersion = 27.0;
					};
				};
			};
			buildConfigurationList = E4E4CB013023790B008E1CB6 /* Build configuration list for PBXProject "Hark" */;
			developmentRegion = en;
			hasScannedForEncodings = 0;
			knownRegions = (
				en,
				Base,
			);
			mainGroup = E4E4CAFD3023790B008E1CB6;
			minimizedProjectReferenceProxies = 1;
			preferredProjectObjectVersion = 77;
			productRefGroup = E4E4CB073023790B008E1CB6 /* Products */;
			projectDirPath = "";
			projectRoot = "";
			targets = (
				E4E4CB053023790B008E1CB6 /* Hark */,
				A10000000000000000000051 /* HarkWidgets */,
				A10000000000000000000052 /* HarkNotificationService */,
				A20000000000000000000005 /* HarkTests */,
			);
		};
/* End PBXProject section */

/* Begin PBXResourcesBuildPhase section */
		A10000000000000000000075 /* Resources */ = {
			isa = PBXResourcesBuildPhase;
			files = (
			);
		};
		A10000000000000000000076 /* Resources */ = {
			isa = PBXResourcesBuildPhase;
			files = (
			);
		};
		A20000000000000000000007 /* Resources */ = {
			isa = PBXResourcesBuildPhase;
			files = (
			);
		};
		E4E4CB043023790B008E1CB6 /* Resources */ = {
			isa = PBXResourcesBuildPhase;
			files = (
			);
		};
/* End PBXResourcesBuildPhase section */

/* Begin PBXSourcesBuildPhase section */
		A10000000000000000000073 /* Sources */ = {
			isa = PBXSourcesBuildPhase;
			files = (
			);
		};
		A10000000000000000000074 /* Sources */ = {
			isa = PBXSourcesBuildPhase;
			files = (
			);
		};
		A20000000000000000000006 /* Sources */ = {
			isa = PBXSourcesBuildPhase;
			files = (
			);
		};
		E4E4CB023023790B008E1CB6 /* Sources */ = {
			isa = PBXSourcesBuildPhase;
			files = (
			);
		};
/* End PBXSourcesBuildPhase section */

/* Begin PBXTargetDependency section */
		A10000000000000000000081 /* PBXTargetDependency */ = {
			isa = PBXTargetDependency;
			target = A10000000000000000000051 /* HarkWidgets */;
			targetProxy = A10000000000000000000021 /* PBXContainerItemProxy */;
		};
		A10000000000000000000082 /* PBXTargetDependency */ = {
			isa = PBXTargetDependency;
			target = A10000000000000000000052 /* HarkNotificationService */;
			targetProxy = A10000000000000000000022 /* PBXContainerItemProxy */;
		};
		A20000000000000000000008 /* PBXTargetDependency */ = {
			isa = PBXTargetDependency;
			target = E4E4CB053023790B008E1CB6 /* Hark */;
			targetProxy = A20000000000000000000001 /* PBXContainerItemProxy */;
		};
/* End PBXTargetDependency section */

/* Begin XCBuildConfiguration section */
		A10000000000000000000101 /* Debug configuration for PBXNativeTarget "HarkWidgets" */ = {
			isa = XCBuildConfiguration;
			buildSettings = {
				APPLICATION_EXTENSION_API_ONLY = YES;
				CODE_SIGN_ENTITLEMENTS = HarkWidgets/HarkWidgets.entitlements;
				CODE_SIGN_STYLE = Automatic;
				CURRENT_PROJECT_VERSION = 1;
				DEVELOPMENT_TEAM = 38U4X64GHV;
				GENERATE_INFOPLIST_FILE = NO;
				INFOPLIST_FILE = HarkWidgets/Info.plist;
				IPHONEOS_DEPLOYMENT_TARGET = 16.4;
				LD_RUNPATH_SEARCH_PATHS = (
					"$(inherited)",
					"@executable_path/Frameworks",
					"@executable_path/../../Frameworks",
				);
				MARKETING_VERSION = 2;
				PRODUCT_BUNDLE_IDENTIFIER = dev.abdeen.hark.widgets;
				PRODUCT_NAME = "$(TARGET_NAME)";
				SKIP_INSTALL = YES;
				SUPPORTED_PLATFORMS = "iphoneos iphonesimulator";
				SUPPORTS_MACCATALYST = NO;
				SUPPORTS_MAC_DESIGNED_FOR_IPHONE_IPAD = NO;
				SUPPORTS_XR_DESIGNED_FOR_IPHONE_IPAD = NO;
				SWIFT_ACTIVE_COMPILATION_CONDITIONS = "DEBUG $(inherited)";
				SWIFT_VERSION = 5.0;
				TARGETED_DEVICE_FAMILY = 1;
			};
			name = Debug;
		};
		A10000000000000000000102 /* Release configuration for PBXNativeTarget "HarkWidgets" */ = {
			isa = XCBuildConfiguration;
			buildSettings = {
				APPLICATION_EXTENSION_API_ONLY = YES;
				CODE_SIGN_ENTITLEMENTS = HarkWidgets/HarkWidgets.entitlements;
				CODE_SIGN_STYLE = Automatic;
				CURRENT_PROJECT_VERSION = 1;
				DEVELOPMENT_TEAM = 38U4X64GHV;
				GENERATE_INFOPLIST_FILE = NO;
				INFOPLIST_FILE = HarkWidgets/Info.plist;
				IPHONEOS_DEPLOYMENT_TARGET = 16.4;
				LD_RUNPATH_SEARCH_PATHS = (
					"$(inherited)",
					"@executable_path/Frameworks",
					"@executable_path/../../Frameworks",
				);
				MARKETING_VERSION = 2;
				PRODUCT_BUNDLE_IDENTIFIER = dev.abdeen.hark.widgets;
				PRODUCT_NAME = "$(TARGET_NAME)";
				SKIP_INSTALL = YES;
				SUPPORTED_PLATFORMS = "iphoneos iphonesimulator";
				SUPPORTS_MACCATALYST = NO;
				SUPPORTS_MAC_DESIGNED_FOR_IPHONE_IPAD = NO;
				SUPPORTS_XR_DESIGNED_FOR_IPHONE_IPAD = NO;
				SWIFT_VERSION = 5.0;
				TARGETED_DEVICE_FAMILY = 1;
			};
			name = Release;
		};
		A10000000000000000000103 /* Debug configuration for PBXNativeTarget "HarkNotificationService" */ = {
			isa = XCBuildConfiguration;
			buildSettings = {
				APPLICATION_EXTENSION_API_ONLY = YES;
				CODE_SIGN_ENTITLEMENTS = HarkNotificationService/HarkNotificationService.entitlements;
				CODE_SIGN_STYLE = Automatic;
				CURRENT_PROJECT_VERSION = 1;
				DEVELOPMENT_TEAM = 38U4X64GHV;
				GENERATE_INFOPLIST_FILE = NO;
				INFOPLIST_FILE = HarkNotificationService/Info.plist;
				IPHONEOS_DEPLOYMENT_TARGET = 16.4;
				LD_RUNPATH_SEARCH_PATHS = (
					"$(inherited)",
					"@executable_path/Frameworks",
					"@executable_path/../../Frameworks",
				);
				MARKETING_VERSION = 2.0;
				PRODUCT_BUNDLE_IDENTIFIER = "dev.abdeen.hark.notification-service";
				PRODUCT_NAME = "$(TARGET_NAME)";
				SKIP_INSTALL = YES;
				SUPPORTED_PLATFORMS = "iphoneos iphonesimulator";
				SUPPORTS_MACCATALYST = NO;
				SUPPORTS_MAC_DESIGNED_FOR_IPHONE_IPAD = NO;
				SUPPORTS_XR_DESIGNED_FOR_IPHONE_IPAD = NO;
				SWIFT_ACTIVE_COMPILATION_CONDITIONS = "DEBUG $(inherited)";
				SWIFT_VERSION = 5.0;
				TARGETED_DEVICE_FAMILY = 1;
			};
			name = Debug;
		};
		A10000000000000000000104 /* Release configuration for PBXNativeTarget "HarkNotificationService" */ = {
			isa = XCBuildConfiguration;
			buildSettings = {
				APPLICATION_EXTENSION_API_ONLY = YES;
				CODE_SIGN_ENTITLEMENTS = HarkNotificationService/HarkNotificationService.entitlements;
				CODE_SIGN_STYLE = Automatic;
				CURRENT_PROJECT_VERSION = 1;
				DEVELOPMENT_TEAM = 38U4X64GHV;
				GENERATE_INFOPLIST_FILE = NO;
				INFOPLIST_FILE = HarkNotificationService/Info.plist;
				IPHONEOS_DEPLOYMENT_TARGET = 16.4;
				LD_RUNPATH_SEARCH_PATHS = (
					"$(inherited)",
					"@executable_path/Frameworks",
					"@executable_path/../../Frameworks",
				);
				MARKETING_VERSION = 2.0;
				PRODUCT_BUNDLE_IDENTIFIER = "dev.abdeen.hark.notification-service";
				PRODUCT_NAME = "$(TARGET_NAME)";
				SKIP_INSTALL = YES;
				SUPPORTED_PLATFORMS = "iphoneos iphonesimulator";
				SUPPORTS_MACCATALYST = NO;
				SUPPORTS_MAC_DESIGNED_FOR_IPHONE_IPAD = NO;
				SUPPORTS_XR_DESIGNED_FOR_IPHONE_IPAD = NO;
				SWIFT_VERSION = 5.0;
				TARGETED_DEVICE_FAMILY = 1;
			};
			name = Release;
		};
		A20000000000000000000010 /* Debug configuration for PBXNativeTarget "HarkTests" */ = {
			isa = XCBuildConfiguration;
			buildSettings = {
				BUNDLE_LOADER = "$(TEST_HOST)";
				CODE_SIGN_STYLE = Automatic;
				DEVELOPMENT_TEAM = 38U4X64GHV;
				GENERATE_INFOPLIST_FILE = YES;
				IPHONEOS_DEPLOYMENT_TARGET = "$(RECOMMENDED_IPHONEOS_DEPLOYMENT_TARGET)";
				PRODUCT_BUNDLE_IDENTIFIER = dev.abdeen.hark.tests;
				PRODUCT_NAME = "$(TARGET_NAME)";
				SUPPORTED_PLATFORMS = "iphoneos iphonesimulator";
				SUPPORTS_MACCATALYST = NO;
				SUPPORTS_MAC_DESIGNED_FOR_IPHONE_IPAD = NO;
				SUPPORTS_XR_DESIGNED_FOR_IPHONE_IPAD = NO;
				SWIFT_ACTIVE_COMPILATION_CONDITIONS = "DEBUG $(inherited)";
				SWIFT_VERSION = 5.0;
				TARGETED_DEVICE_FAMILY = 1;
				TEST_HOST = "$(BUILT_PRODUCTS_DIR)/Hark.app/$(BUNDLE_EXECUTABLE_FOLDER_PATH)/Hark";
			};
			name = Debug;
		};
		A20000000000000000000011 /* Release configuration for PBXNativeTarget "HarkTests" */ = {
			isa = XCBuildConfiguration;
			buildSettings = {
				BUNDLE_LOADER = "$(TEST_HOST)";
				CODE_SIGN_STYLE = Automatic;
				DEVELOPMENT_TEAM = 38U4X64GHV;
				GENERATE_INFOPLIST_FILE = YES;
				IPHONEOS_DEPLOYMENT_TARGET = "$(RECOMMENDED_IPHONEOS_DEPLOYMENT_TARGET)";
				PRODUCT_BUNDLE_IDENTIFIER = dev.abdeen.hark.tests;
				PRODUCT_NAME = "$(TARGET_NAME)";
				SUPPORTED_PLATFORMS = "iphoneos iphonesimulator";
				SUPPORTS_MACCATALYST = NO;
				SUPPORTS_MAC_DESIGNED_FOR_IPHONE_IPAD = NO;
				SUPPORTS_XR_DESIGNED_FOR_IPHONE_IPAD = NO;
				SWIFT_VERSION = 5.0;
				TARGETED_DEVICE_FAMILY = 1;
				TEST_HOST = "$(BUILT_PRODUCTS_DIR)/Hark.app/$(BUNDLE_EXECUTABLE_FOLDER_PATH)/Hark";
			};
			name = Release;
		};
		E4E4CB0F3023790C008E1CB6 /* Debug configuration for PBXProject "Hark" */ = {
			isa = XCBuildConfiguration;
			buildSettings = {
				ALWAYS_SEARCH_USER_PATHS = NO;
				APS_ENVIRONMENT = development;
				ASSETCATALOG_COMPILER_GENERATE_SWIFT_ASSET_SYMBOL_EXTENSIONS = YES;
				CLANG_ANALYZER_NONNULL = YES;
				CLANG_ANALYZER_NUMBER_OBJECT_CONVERSION = YES_AGGRESSIVE;
				CLANG_CXX_LANGUAGE_STANDARD = "gnu++20";
				CLANG_ENABLE_MODULES = YES;
				CLANG_ENABLE_OBJC_ARC = YES;
				CLANG_ENABLE_OBJC_WEAK = YES;
				CLANG_WARN_BLOCK_CAPTURE_AUTORELEASING = YES;
				CLANG_WARN_BOOL_CONVERSION = YES;
				CLANG_WARN_COMMA = YES;
				CLANG_WARN_CONSTANT_CONVERSION = YES;
				CLANG_WARN_DEPRECATED_OBJC_IMPLEMENTATIONS = YES;
				CLANG_WARN_DIRECT_OBJC_ISA_USAGE = YES_ERROR;
				CLANG_WARN_DOCUMENTATION_COMMENTS = YES;
				CLANG_WARN_EMPTY_BODY = YES;
				CLANG_WARN_ENUM_CONVERSION = YES;
				CLANG_WARN_INFINITE_RECURSION = YES;
				CLANG_WARN_INT_CONVERSION = YES;
				CLANG_WARN_NON_LITERAL_NULL_CONVERSION = YES;
				CLANG_WARN_OBJC_IMPLICIT_RETAIN_SELF = YES;
				CLANG_WARN_OBJC_LITERAL_CONVERSION = YES;
				CLANG_WARN_OBJC_ROOT_CLASS = YES_ERROR;
				CLANG_WARN_QUOTED_INCLUDE_IN_FRAMEWORK_HEADER = YES;
				CLANG_WARN_RANGE_LOOP_ANALYSIS = YES;
				CLANG_WARN_STRICT_PROTOTYPES = YES;
				CLANG_WARN_SUSPICIOUS_MOVE = YES;
				CLANG_WARN_UNGUARDED_AVAILABILITY = YES_AGGRESSIVE;
				CLANG_WARN_UNREACHABLE_CODE = YES;
				CLANG_WARN__DUPLICATE_METHOD_MATCH = YES;
				COPY_PHASE_STRIP = NO;
				DEBUG_INFORMATION_FORMAT = dwarf;
				DEVELOPMENT_TEAM = "$(APPLE_TEAM_ID)";
				ENABLE_STRICT_OBJC_MSGSEND = YES;
				ENABLE_TESTABILITY = YES;
				ENABLE_USER_SCRIPT_SANDBOXING = YES;
				GCC_C_LANGUAGE_STANDARD = gnu17;
				GCC_DYNAMIC_NO_PIC = NO;
				GCC_NO_COMMON_BLOCKS = YES;
				GCC_OPTIMIZATION_LEVEL = 0;
				GCC_PREPROCESSOR_DEFINITIONS = (
					"DEBUG=1",
					"$(inherited)",
				);
				GCC_WARN_64_TO_32_BIT_CONVERSION = YES;
				GCC_WARN_ABOUT_RETURN_TYPE = YES_ERROR;
				GCC_WARN_UNDECLARED_SELECTOR = YES;
				GCC_WARN_UNINITIALIZED_AUTOS = YES_AGGRESSIVE;
				GCC_WARN_UNUSED_FUNCTION = YES;
				GCC_WARN_UNUSED_VARIABLE = YES;
				IPHONEOS_DEPLOYMENT_TARGET = 16.4;
				LOCALIZATION_PREFERS_STRING_CATALOGS = YES;
				MTL_ENABLE_DEBUG_INFO = INCLUDE_SOURCE;
				MTL_FAST_MATH = YES;
				ONLY_ACTIVE_ARCH = YES;
				SDKROOT = iphoneos;
				SWIFT_ACTIVE_COMPILATION_CONDITIONS = "DEBUG $(inherited)";
				SWIFT_OPTIMIZATION_LEVEL = "-Onone";
			};
			name = Debug;
		};
		E4E4CB103023790C008E1CB6 /* Release configuration for PBXProject "Hark" */ = {
			isa = XCBuildConfiguration;
			buildSettings = {
				ALWAYS_SEARCH_USER_PATHS = NO;
				ASSETCATALOG_COMPILER_GENERATE_SWIFT_ASSET_SYMBOL_EXTENSIONS = YES;
				CLANG_ANALYZER_NONNULL = YES;
				CLANG_ANALYZER_NUMBER_OBJECT_CONVERSION = YES_AGGRESSIVE;
				CLANG_CXX_LANGUAGE_STANDARD = "gnu++20";
				CLANG_ENABLE_MODULES = YES;
				CLANG_ENABLE_OBJC_ARC = YES;
				CLANG_ENABLE_OBJC_WEAK = YES;
				CLANG_WARN_BLOCK_CAPTURE_AUTORELEASING = YES;
				CLANG_WARN_BOOL_CONVERSION = YES;
				CLANG_WARN_COMMA = YES;
				CLANG_WARN_CONSTANT_CONVERSION = YES;
				CLANG_WARN_DEPRECATED_OBJC_IMPLEMENTATIONS = YES;
				CLANG_WARN_DIRECT_OBJC_ISA_USAGE = YES_ERROR;
				CLANG_WARN_DOCUMENTATION_COMMENTS = YES;
				CLANG_WARN_EMPTY_BODY = YES;
				CLANG_WARN_ENUM_CONVERSION = YES;
				CLANG_WARN_INFINITE_RECURSION = YES;
				CLANG_WARN_INT_CONVERSION = YES;
				CLANG_WARN_NON_LITERAL_NULL_CONVERSION = YES;
				CLANG_WARN_OBJC_IMPLICIT_RETAIN_SELF = YES;
				CLANG_WARN_OBJC_LITERAL_CONVERSION = YES;
				CLANG_WARN_OBJC_ROOT_CLASS = YES_ERROR;
				CLANG_WARN_QUOTED_INCLUDE_IN_FRAMEWORK_HEADER = YES;
				CLANG_WARN_RANGE_LOOP_ANALYSIS = YES;
				CLANG_WARN_STRICT_PROTOTYPES = YES;
				CLANG_WARN_SUSPICIOUS_MOVE = YES;
				CLANG_WARN_UNGUARDED_AVAILABILITY = YES_AGGRESSIVE;
				CLANG_WARN_UNREACHABLE_CODE = YES;
				CLANG_WARN__DUPLICATE_METHOD_MATCH = YES;
				COPY_PHASE_STRIP = NO;
				DEBUG_INFORMATION_FORMAT = "dwarf-with-dsym";
				DEVELOPMENT_TEAM = "$(APPLE_TEAM_ID)";
				ENABLE_NS_ASSERTIONS = NO;
				ENABLE_STRICT_OBJC_MSGSEND = YES;
				ENABLE_USER_SCRIPT_SANDBOXING = YES;
				GCC_C_LANGUAGE_STANDARD = gnu17;
				GCC_NO_COMMON_BLOCKS = YES;
				GCC_WARN_64_TO_32_BIT_CONVERSION = YES;
				GCC_WARN_ABOUT_RETURN_TYPE = YES_ERROR;
				GCC_WARN_UNDECLARED_SELECTOR = YES;
				GCC_WARN_UNINITIALIZED_AUTOS = YES_AGGRESSIVE;
				GCC_WARN_UNUSED_FUNCTION = YES;
				GCC_WARN_UNUSED_VARIABLE = YES;
				IPHONEOS_DEPLOYMENT_TARGET = 16.4;
				LOCALIZATION_PREFERS_STRING_CATALOGS = YES;
				MTL_ENABLE_DEBUG_INFO = NO;
				MTL_FAST_MATH = YES;
				SDKROOT = iphoneos;
				SWIFT_COMPILATION_MODE = wholemodule;
				VALIDATE_PRODUCT = YES;
			};
			name = Release;
		};
		E4E4CB123023790C008E1CB6 /* Debug configuration for PBXNativeTarget "Hark" */ = {
			isa = XCBuildConfiguration;
			buildSettings = {
				ASSETCATALOG_COMPILER_APPICON_NAME = AppIcon;
				ASSETCATALOG_COMPILER_GLOBAL_ACCENT_COLOR_NAME = AccentColor;
				CODE_SIGN_ENTITLEMENTS = Hark/Hark.entitlements;
				CODE_SIGN_STYLE = Automatic;
				CURRENT_PROJECT_VERSION = 1;
				DEVELOPMENT_TEAM = 38U4X64GHV;
				ENABLE_PREVIEWS = YES;
				GENERATE_INFOPLIST_FILE = NO;
				HARK_API_URL = "https://hark.abdeen.dev";
				INFOPLIST_FILE = Hark/Info.plist;
				INFOPLIST_KEY_CFBundleURLTypes = "{CFBundleTypeRole=Editor;CFBundleURLSchemes=(hark);}";
				INFOPLIST_KEY_HARK_API_URL = "$(HARK_API_URL)";
				INFOPLIST_KEY_ITSAppUsesNonExemptEncryption = NO;
				INFOPLIST_KEY_NSLocalNetworkUsageDescription = "Hark connects to your private server on the local network.";
				INFOPLIST_KEY_NSSupportsLiveActivities = YES;
				INFOPLIST_KEY_NSSupportsLiveActivitiesFrequentUpdates = YES;
				INFOPLIST_KEY_NSUserActivityTypes = INSendMessageIntent;
				INFOPLIST_KEY_UIApplicationSceneManifest_Generation = YES;
				INFOPLIST_KEY_UIApplicationSupportsIndirectInputEvents = YES;
				INFOPLIST_KEY_UILaunchScreen_Generation = YES;
				INFOPLIST_KEY_UISupportedInterfaceOrientations_iPad = "UIInterfaceOrientationPortrait UIInterfaceOrientationPortraitUpsideDown UIInterfaceOrientationLandscapeLeft UIInterfaceOrientationLandscapeRight";
				INFOPLIST_KEY_UISupportedInterfaceOrientations_iPhone = UIInterfaceOrientationPortrait;
				INFOPLIST_KEY_UIUserInterfaceStyle = Light;
				IPHONEOS_DEPLOYMENT_TARGET = 16.4;
				LD_RUNPATH_SEARCH_PATHS = (
					"$(inherited)",
					"@executable_path/Frameworks",
				);
				MARKETING_VERSION = 2.0;
				PRODUCT_BUNDLE_IDENTIFIER = dev.abdeen.hark;
				PRODUCT_NAME = "$(TARGET_NAME)";
				STRING_CATALOG_GENERATE_SYMBOLS = YES;
				SUPPORTED_PLATFORMS = "iphoneos iphonesimulator";
				SUPPORTS_MACCATALYST = NO;
				SUPPORTS_MAC_DESIGNED_FOR_IPHONE_IPAD = NO;
				SUPPORTS_XR_DESIGNED_FOR_IPHONE_IPAD = NO;
				SWIFT_EMIT_LOC_STRINGS = YES;
				SWIFT_UPCOMING_FEATURE_MEMBER_IMPORT_VISIBILITY = YES;
				SWIFT_VERSION = 5.0;
				TARGETED_DEVICE_FAMILY = 1;
			};
			name = Debug;
		};
		E4E4CB133023790C008E1CB6 /* Release configuration for PBXNativeTarget "Hark" */ = {
			isa = XCBuildConfiguration;
			buildSettings = {
				APS_ENVIRONMENT = production;
				ASSETCATALOG_COMPILER_APPICON_NAME = AppIcon;
				ASSETCATALOG_COMPILER_GLOBAL_ACCENT_COLOR_NAME = AccentColor;
				CODE_SIGN_ENTITLEMENTS = Hark/Hark.entitlements;
				CODE_SIGN_STYLE = Automatic;
				CURRENT_PROJECT_VERSION = 1;
				DEVELOPMENT_TEAM = 38U4X64GHV;
				ENABLE_PREVIEWS = YES;
				GENERATE_INFOPLIST_FILE = NO;
				HARK_API_URL = "https://hark.abdeen.dev";
				INFOPLIST_FILE = Hark/Info.plist;
				INFOPLIST_KEY_CFBundleURLTypes = "{CFBundleTypeRole=Editor;CFBundleURLSchemes=(hark);}";
				INFOPLIST_KEY_HARK_API_URL = "$(HARK_API_URL)";
				INFOPLIST_KEY_ITSAppUsesNonExemptEncryption = NO;
				INFOPLIST_KEY_NSLocalNetworkUsageDescription = "Hark connects to your private server on the local network.";
				INFOPLIST_KEY_NSSupportsLiveActivities = YES;
				INFOPLIST_KEY_NSSupportsLiveActivitiesFrequentUpdates = YES;
				INFOPLIST_KEY_NSUserActivityTypes = INSendMessageIntent;
				INFOPLIST_KEY_UIApplicationSceneManifest_Generation = YES;
				INFOPLIST_KEY_UIApplicationSupportsIndirectInputEvents = YES;
				INFOPLIST_KEY_UILaunchScreen_Generation = YES;
				INFOPLIST_KEY_UISupportedInterfaceOrientations_iPad = "UIInterfaceOrientationPortrait UIInterfaceOrientationPortraitUpsideDown UIInterfaceOrientationLandscapeLeft UIInterfaceOrientationLandscapeRight";
				INFOPLIST_KEY_UISupportedInterfaceOrientations_iPhone = UIInterfaceOrientationPortrait;
				INFOPLIST_KEY_UIUserInterfaceStyle = Light;
				IPHONEOS_DEPLOYMENT_TARGET = 16.4;
				LD_RUNPATH_SEARCH_PATHS = (
					"$(inherited)",
					"@executable_path/Frameworks",
				);
				MARKETING_VERSION = 2.0;
				PRODUCT_BUNDLE_IDENTIFIER = dev.abdeen.hark;
				PRODUCT_NAME = "$(TARGET_NAME)";
				STRING_CATALOG_GENERATE_SYMBOLS = YES;
				SUPPORTED_PLATFORMS = "iphoneos iphonesimulator";
				SUPPORTS_MACCATALYST = NO;
				SUPPORTS_MAC_DESIGNED_FOR_IPHONE_IPAD = NO;
				SUPPORTS_XR_DESIGNED_FOR_IPHONE_IPAD = NO;
				SWIFT_EMIT_LOC_STRINGS = YES;
				SWIFT_UPCOMING_FEATURE_MEMBER_IMPORT_VISIBILITY = YES;
				SWIFT_VERSION = 5.0;
				TARGETED_DEVICE_FAMILY = 1;
			};
			name = Release;
		};
/* End XCBuildConfiguration section */

/* Begin XCConfigurationList section */
		A10000000000000000000091 /* Build configuration list for PBXNativeTarget "HarkWidgets" */ = {
			isa = XCConfigurationList;
			buildConfigurations = (
				A10000000000000000000101 /* Debug configuration for PBXNativeTarget "HarkWidgets" */,
				A10000000000000000000102 /* Release configuration for PBXNativeTarget "HarkWidgets" */,
			);
			defaultConfigurationName = Release;
		};
		A10000000000000000000092 /* Build configuration list for PBXNativeTarget "HarkNotificationService" */ = {
			isa = XCConfigurationList;
			buildConfigurations = (
				A10000000000000000000103 /* Debug configuration for PBXNativeTarget "HarkNotificationService" */,
				A10000000000000000000104 /* Release configuration for PBXNativeTarget "HarkNotificationService" */,
			);
			defaultConfigurationName = Release;
		};
		A20000000000000000000009 /* Build configuration list for PBXNativeTarget "HarkTests" */ = {
			isa = XCConfigurationList;
			buildConfigurations = (
				A20000000000000000000010 /* Debug configuration for PBXNativeTarget "HarkTests" */,
				A20000000000000000000011 /* Release configuration for PBXNativeTarget "HarkTests" */,
			);
			defaultConfigurationName = Release;
		};
		E4E4CB013023790B008E1CB6 /* Build configuration list for PBXProject "Hark" */ = {
			isa = XCConfigurationList;
			buildConfigurations = (
				E4E4CB0F3023790C008E1CB6 /* Debug configuration for PBXProject "Hark" */,
				E4E4CB103023790C008E1CB6 /* Release configuration for PBXProject "Hark" */,
			);
			defaultConfigurationName = Release;
		};
		E4E4CB113023790C008E1CB6 /* Build configuration list for PBXNativeTarget "Hark" */ = {
			isa = XCConfigurationList;
			buildConfigurations = (
				E4E4CB123023790C008E1CB6 /* Debug configuration for PBXNativeTarget "Hark" */,
				E4E4CB133023790C008E1CB6 /* Release configuration for PBXNativeTarget "Hark" */,
			);
			defaultConfigurationName = Release;
		};
/* End XCConfigurationList section */
	};
	rootObject = E4E4CAFE3023790B008E1CB6 /* Project object */;
	validationLevel = 1;
}
